
Microsoft Visual Studio Solution File, Format Version 12.00
# Visual Studio 14
VisualStudioVersion = 14.0.25420.1
MinimumVisualStudioVersion = 10.0.40219.1
Project("{2150E333-8FDC-42A3-9474-1A3956D46DE8}") = "1-Presentation", "1-Presentation", "{8CCE3C2E-D2FA-4E2A-B4E2-FFBE2325A31A}"
EndProject
Project("{2150E333-8FDC-42A3-9474-1A3956D46DE8}") = "2-Services", "2-Services", "{BF3F2AAE-FDD7-42C0-85D5-BAAE4BC42284}"
EndProject
Project("{2150E333-8FDC-42A3-9474-1A3956D46DE8}") = "3-Application", "3-Application", "{F569BCA2-E835-474A-AD02-C116F1E9AB9C}"
EndProject
Project("{2150E333-8FDC-42A3-9474-1A3956D46DE8}") = "4-Domain", "4-Domain", "{EA3583CF-47D5-404A-AC91-04E5B37ED9A3}"
EndProject
Project("{2150E333-8FDC-42A3-9474-1A3956D46DE8}") = "5-Infra", "5-Infra", "{B9748D64-4DA5-450F-8F37-751CDC07A226}"
EndProject
Project("{2150E333-8FDC-42A3-9474-1A3956D46DE8}") = "5.1-Data", "5.1-Data", "{79D3E2A9-9C48-40D6-887D-267CECACBED8}"
EndProject
Project("{2150E333-8FDC-42A3-9474-1A3956D46DE8}") = "5.2-CrossCutting", "5.2-CrossCutting", "{D036DBC0-7BFE-472E-8F5F-E80B5B198498}"
EndProject
Project("{FAE04EC0-301F-11D3-BF4B-00C04F79EFBC}") = "MvcAppExample.Domain", "src\MvcAppExample.Domain\MvcAppExample.Domain.csproj", "{6487A428-336D-4B1F-9800-127B982A312E}"
EndProject
Project("{FAE04EC0-301F-11D3-BF4B-00C04F79EFBC}") = "MvcAppExample.Domain.Tests", "tests\MvcAppExample.Domain.Tests\MvcAppExample.Domain.Tests.csproj", "{A88C4328-346E-4C2A-874E-EBAFD7D16729}"
EndProject
Project("{FAE04EC0-301F-11D3-BF4B-00C04F79EFBC}") = "MvcAppExample.Application", "src\MvcAppExample.Application\MvcAppExample.Application.csproj", "{3D51770A-B612-411B-85D5-95A53B15A3E5}"
EndProject
Project("{FAE04EC0-301F-11D3-BF4B-00C04F79EFBC}") = "MvcAppExample.Infra.Data", "src\MvcAppExample.Infra.Data\MvcAppExample.Infra.Data.csproj", "{2F6F7AB5-EB90-4D6F-A6B6-1FC1B35E1E8C}"
EndProject
Project("{FAE04EC0-301F-11D3-BF4B-00C04F79EFBC}") = "MvcAppExample.Web", "src\MvcAppExample.Web\MvcAppExample.Web.csproj", "{AAE68F1D-82B6-41BB-836D-A8C9F984671A}"
EndProject
Project("{FAE04EC0-301F-11D3-BF4B-00C04F79EFBC}") = "MvcAppExample.Infra.CrossCutting.MvcFilters", "src\MvcAppExample.Infra.CrossCutting.MvcFilters\MvcAppExample.Infra.CrossCutting.MvcFilters.csproj", "{C982FF8D-39FC-4E2B-B7DE-2E3BD555E2C4}"
EndProject
Project("{FAE04EC0-301F-11D3-BF4B-00C04F79EFBC}") = "MvcAppExample.Infra.CrossCutting.IoC", "src\MvcAppExample.Infra.CrossCutting.IoC\MvcAppExample.Infra.CrossCutting.IoC.csproj", "{5495DA39-6C71-4177-8F3F-BD9CA32571AC}"
EndProject
Project("{FAE04EC0-301F-11D3-BF4B-00C04F79EFBC}") = "MvcAppExample.Services.REST.WebAPI", "src\MvcAppExample.Services.REST.WebAPI\MvcAppExample.Services.REST.WebAPI.csproj", "{EDB118DB-D888-4C97-8A84-F4BA9ADE9BA2}"
EndProject
Project("{FAE04EC0-301F-11D3-BF4B-00C04F79EFBC}") = "MvcAppExample.Infra.CrossCutting.AsyncServices", "src\MvcAppExample.Infra.CrossCutting.AsyncServices\MvcAppExample.Infra.CrossCutting.AsyncServices.csproj", "{94C37F68-355F-4C85-AB13-39180E09B5CB}"
EndProject
Project("{FAE04EC0-301F-11D3-BF4B-00C04F79EFBC}") = "MvcAppExample.Infra.CrossCutting.WebAPIFilters", "src\MvcAppExample.Infra.CrossCutting.WebAPIFilters\MvcAppExample.Infra.CrossCutting.WebAPIFilters.csproj", "{E4C4FD91-A31A-4A38-86B6-4B36786E85DA}"
EndProject
Project("{FAE04EC0-301F-11D3-BF4B-00C04F79EFBC}") = "MvcAppExample.Infra.CrossCutting.Identity", "src\MvcAppExample.Infra.CrossCutting.Identity\MvcAppExample.Infra.CrossCutting.Identity.csproj", "{82F2CAE2-6219-462B-9C21-5EC58C6384AB}"
EndProject
Global
	GlobalSection(SolutionConfigurationPlatforms) = preSolution
		Debug|Any CPU = Debug|Any CPU
		Release|Any CPU = Release|Any CPU
	EndGlobalSection
	GlobalSection(ProjectConfigurationPlatforms) = postSolution
		{6487A428-336D-4B1F-9800-127B982A312E}.Debug|Any CPU.ActiveCfg = Debug|Any CPU
		{6487A428-336D-4B1F-9800-127B982A312E}.Debug|Any CPU.Build.0 = Debug|Any CPU
		{6487A428-336D-4B1F-9800-127B982A312E}.Release|Any CPU.ActiveCfg = Release|Any CPU
		{6487A428-336D-4B1F-9800-127B982A312E}.Release|Any CPU.Build.0 = Release|Any CPU
		{A88C4328-346E-4C2A-874E-EBAFD7D16729}.Debug|Any CPU.ActiveCfg = Debug|Any CPU
		{A88C4328-346E-4C2A-874E-EBAFD7D16729}.Debug|Any CPU.Build.0 = Debug|Any CPU
		{A88C4328-346E-4C2A-874E-EBAFD7D16729}.Release|Any CPU.ActiveCfg = Release|Any CPU
		{A88C4328-346E-4C2A-874E-EBAFD7D16729}.Release|Any CPU.Build.0 = Release|Any CPU
		{3D51770A-B612-411B-85D5-95A53B15A3E5}.Debug|Any CPU.ActiveCfg = Debug|Any CPU
		{3D51770A-B612-411B-85D5-95A53B15A3E5}.Debug|Any CPU.Build.0 = Debug|Any CPU
		{3D51770A-B612-411B-85D5-95A53B15A3E5}.Release|Any CPU.ActiveCfg = Release|Any CPU
		{3D51770A-B612-411B-85D5-95A53B15A3E5}.Release|Any CPU.Build.0 = Release|Any CPU
		{2F6F7AB5-EB90-4D6F-A6B6-1FC1B35E1E8C}.Debug|Any CPU.ActiveCfg = Debug|Any CPU
		{2F6F7AB5-EB90-4D6F-A6B6-1FC1B35E1E8C}.Debug|Any CPU.Build.0 = Debug|Any CPU
		{2F6F7AB5-EB90-4D6F-A6B6-1FC1B35E1E8C}.Release|Any CPU.ActiveCfg = Release|Any CPU
		{2F6F7AB5-EB90-4D6F-A6B6-1FC1B35E1E8C}.Release|Any CPU.Build.0 = Release|Any CPU
		{AAE68F1D-82B6-41BB-836D-A8C9F984671A}.Debug|Any CPU.ActiveCfg = Debug|Any CPU
		{AAE68F1D-82B6-41BB-836D-A8C9F984671A}.Debug|Any CPU.Build.0 = Debug|Any CPU
		{AAE68F1D-82B6-41BB-836D-A8C9F984671A}.Release|Any CPU.ActiveCfg = Release|Any CPU
		{AAE68F1D-82B6-41BB-836D-A8C9F984671A}.Release|Any CPU.Build.0 = Release|Any CPU
		{C982FF8D-39FC-4E2B-B7DE-2E3BD555E2C4}.Debug|Any CPU.ActiveCfg = Debug|Any CPU
		{C982FF8D-39FC-4E2B-B7DE-2E3BD555E2C4}.Debug|Any CPU.Build.0 = Debug|Any CPU
		{C982FF8D-39FC-4E2B-B7DE-2E3BD555E2C4}.Release|Any CPU.ActiveCfg = Release|Any CPU
		{C982FF8D-39FC-4E2B-B7DE-2E3BD555E2C4}.Release|Any CPU.Build.0 = Release|Any CPU
		{5495DA39-6C71-4177-8F3F-BD9CA32571AC}.Debug|Any CPU.ActiveCfg = Debug|Any CPU
		{5495DA39-6C71-4177-8F3F-BD9CA32571AC}.Debug|Any CPU.Build.0 = Debug|Any CPU
		{5495DA39-6C71-4177-8F3F-BD9CA32571AC}.Release|Any CPU.ActiveCfg = Release|Any CPU
		{5495DA39-6C71-4177-8F3F-BD9CA32571AC}.Release|Any CPU.Build.0 = Release|Any CPU
		{EDB118DB-D888-4C97-8A84-F4BA9ADE9BA2}.Debug|Any CPU.ActiveCfg = Debug|Any CPU
		{EDB118DB-D888-4C97-8A84-F4BA9ADE9BA2}.Debug|Any CPU.Build.0 = Debug|Any CPU
		{EDB118DB-D888-4C97-8A84-F4BA9ADE9BA2}.Release|Any CPU.ActiveCfg = Release|Any CPU
		{EDB118DB-D888-4C97-8A84-F4BA9ADE9BA2}.Release|Any CPU.Build.0 = Release|Any CPU
		{94C37F68-355F-4C85-AB13-39180E09B5CB}.Debug|Any CPU.ActiveCfg = Debug|Any CPU
		{94C37F68-355F-4C85-AB13-39180E09B5CB}.Debug|Any CPU.Build.0 = Debug|Any CPU
		{94C37F68-355F-4C85-AB13-39180E09B5CB}.Release|Any CPU.ActiveCfg = Release|Any CPU
		{94C37F68-355F-4C85-AB13-39180E09B5CB}.Release|Any CPU.Build.0 = Release|Any CPU
		{E4C4FD91-A31A-4A38-86B6-4B36786E85DA}.Debug|Any CPU.ActiveCfg = Debug|Any CPU
		{E4C4FD91-A31A-4A38-86B6-4B36786E85DA}.Debug|Any CPU.Build.0 = Debug|Any CPU
		{E4C4FD91-A31A-4A38-86B6-4B36786E85DA}.Release|Any CPU.ActiveCfg = Release|Any CPU
		{E4C4FD91-A31A-4A38-86B6-4B36786E85DA}.Release|Any CPU.Build.0 = Release|Any CPU
		{82F2CAE2-6219-462B-9C21-5EC58C6384AB}.Debug|Any CPU.ActiveCfg = Debug|Any CPU
		{82F2CAE2-6219-462B-9C21-5EC58C6384AB}.Debug|Any CPU.Build.0 = Debug|Any CPU
		{82F2CAE2-6219-462B-9C21-5EC58C6384AB}.Release|Any CPU.ActiveCfg = Release|Any CPU
		{82F2CAE2-6219-462B-9C21-5EC58C6384AB}.Release|Any CPU.Build.0 = Release|Any CPU
	EndGlobalSection
	GlobalSection(SolutionProperties) = preSolution
		HideSolutionNode = FALSE
	EndGlobalSection
	GlobalSection(NestedProjects) = preSolution
		{79D3E2A9-9C48-40D6-887D-267CECACBED8} = {B9748D64-4DA5-450F-8F37-751CDC07A226}
		{D036DBC0-7BFE-472E-8F5F-E80B5B198498} = {B9748D64-4DA5-450F-8F37-751CDC07A226}
		{6487A428-336D-4B1F-9800-127B982A312E} = {EA3583CF-47D5-404A-AC91-04E5B37ED9A3}
		{A88C4328-346E-4C2A-874E-EBAFD7D16729} = {EA3583CF-47D5-404A-AC91-04E5B37ED9A3}
		{3D51770A-B612-411B-85D5-95A53B15A3E5} = {F569BCA2-E835-474A-AD02-C116F1E9AB9C}
		{2F6F7AB5-EB90-4D6F-A6B6-1FC1B35E1E8C} = {79D3E2A9-9C48-40D6-887D-267CECACBED8}
		{AAE68F1D-82B6-41BB-836D-A8C9F984671A} = {8CCE3C2E-D2FA-4E2A-B4E2-FFBE2325A31A}
		{C982FF8D-39FC-4E2B-B7DE-2E3BD555E2C4} = {D036DBC0-7BFE-472E-8F5F-E80B5B198498}
		{5495DA39-6C71-4177-8F3F-BD9CA32571AC} = {D036DBC0-7BFE-472E-8F5F-E80B5B198498}
		{EDB118DB-D888-4C97-8A84-F4BA9ADE9BA2} = {BF3F2AAE-FDD7-42C0-85D5-BAAE4BC42284}
		{94C37F68-355F-4C85-AB13-39180E09B5CB} = {D036DBC0-7BFE-472E-8F5F-E80B5B198498}
		{E4C4FD91-A31A-4A38-86B6-4B36786E85DA} = {D036DBC0-7BFE-472E-8F5F-E80B5B198498}
		{82F2CAE2-6219-462B-9C21-5EC58C6384AB} = {D036DBC0-7BFE-472E-8F5F-E80B5B198498}
	EndGlobalSection
EndGlobal
